
Microsoft Visual Studio Solution File, Format Version 12.00
# Visual Studio Version 17
VisualStudioVersion = 17.7.34018.315
MinimumVisualStudioVersion = 10.0.40219.1
Project("{9A19103F-16F7-4668-BE54-9A1E7A4F7556}") = "SharedKernel", "SharedKernel\SharedKernel.csproj", "{188857CC-4723-4799-A9B5-F1B07FA48238}"
EndProject
Project("{9A19103F-16F7-4668-BE54-9A1E7A4F7556}") = "Day01", "Day01\Day01.csproj", "{F364E3F0-4BD8-451E-9A74-A7B304993EF0}"
EndProject
Project("{9A19103F-16F7-4668-BE54-9A1E7A4F7556}") = "Day02", "Day02\Day02.csproj", "{5A0BE40A-68A6-4B25-B1CB-0E039F4DE9A1}"
EndProject
Project("{9A19103F-16F7-4668-BE54-9A1E7A4F7556}") = "Day03", "Day03\Day03.csproj", "{CF4537A6-B4C1-4EE3-9F34-8C25CAD78312}"
EndProject
Project("{9A19103F-16F7-4668-BE54-9A1E7A4F7556}") = "Day04", "Day04\Day04.csproj", "{1ADBC5CB-68FC-46C5-B35F-C4528054E277}"
EndProject
Project("{9A19103F-16F7-4668-BE54-9A1E7A4F7556}") = "Day05", "Day05\Day05.csproj", "{6E7E5F3D-78D7-4DE9-8027-E34831CC3DD0}"
EndProject
Project("{9A19103F-16F7-4668-BE54-9A1E7A4F7556}") = "Day06", "Day06\Day06.csproj", "{FEE6F4B9-C14D-4B49-9679-0C7012A421AF}"
EndProject
Project("{FAE04EC0-301F-11D3-BF4B-00C04F79EFBC}") = "Day07", "Day07\Day07.csproj", "{B4DB7529-8B50-481E-9107-E65B20D7754F}"
EndProject
Project("{FAE04EC0-301F-11D3-BF4B-00C04F79EFBC}") = "Day08", "Day08\Day08.csproj", "{30F5084D-52B0-41DE-9586-477B25A8109D}"
EndProject
Global
	GlobalSection(SolutionConfigurationPlatforms) = preSolution
		Debug|Any CPU = Debug|Any CPU
		Release|Any CPU = Release|Any CPU
	EndGlobalSection
	GlobalSection(ProjectConfigurationPlatforms) = postSolution
		{188857CC-4723-4799-A9B5-F1B07FA48238}.Debug|Any CPU.ActiveCfg = Debug|Any CPU
		{188857CC-4723-4799-A9B5-F1B07FA48238}.Debug|Any CPU.Build.0 = Debug|Any CPU
		{188857CC-4723-4799-A9B5-F1B07FA48238}.Release|Any CPU.ActiveCfg = Release|Any CPU
		{188857CC-4723-4799-A9B5-F1B07FA48238}.Release|Any CPU.Build.0 = Release|Any CPU
		{F364E3F0-4BD8-451E-9A74-A7B304993EF0}.Debug|Any CPU.ActiveCfg = Debug|Any CPU
		{F364E3F0-4BD8-451E-9A74-A7B304993EF0}.Debug|Any CPU.Build.0 = Debug|Any CPU
		{F364E3F0-4BD8-451E-9A74-A7B304993EF0}.Release|Any CPU.ActiveCfg = Release|Any CPU
		{F364E3F0-4BD8-451E-9A74-A7B304993EF0}.Release|Any CPU.Build.0 = Release|Any CPU
		{5A0BE40A-68A6-4B25-B1CB-0E039F4DE9A1}.Debug|Any CPU.ActiveCfg = Debug|Any CPU
		{5A0BE40A-68A6-4B25-B1CB-0E039F4DE9A1}.Debug|Any CPU.Build.0 = Debug|Any CPU
		{5A0BE40A-68A6-4B25-B1CB-0E039F4DE9A1}.Release|Any CPU.ActiveCfg = Release|Any CPU
		{5A0BE40A-68A6-4B25-B1CB-0E039F4DE9A1}.Release|Any CPU.Build.0 = Release|Any CPU
		{CF4537A6-B4C1-4EE3-9F34-8C25CAD78312}.Debug|Any CPU.ActiveCfg = Debug|Any CPU
		{CF4537A6-B4C1-4EE3-9F34-8C25CAD78312}.Debug|Any CPU.Build.0 = Debug|Any CPU
		{CF4537A6-B4C1-4EE3-9F34-8C25CAD78312}.Release|Any CPU.ActiveCfg = Release|Any CPU
		{CF4537A6-B4C1-4EE3-9F34-8C25CAD78312}.Release|Any CPU.Build.0 = Release|Any CPU
		{1ADBC5CB-68FC-46C5-B35F-C4528054E277}.Debug|Any CPU.ActiveCfg = Debug|Any CPU
		{1ADBC5CB-68FC-46C5-B35F-C4528054E277}.Debug|Any CPU.Build.0 = Debug|Any CPU
		{1ADBC5CB-68FC-46C5-B35F-C4528054E277}.Release|Any CPU.ActiveCfg = Release|Any CPU
		{1ADBC5CB-68FC-46C5-B35F-C4528054E277}.Release|Any CPU.Build.0 = Release|Any CPU
		{6E7E5F3D-78D7-4DE9-8027-E34831CC3DD0}.Debug|Any CPU.ActiveCfg = Debug|Any CPU
		{6E7E5F3D-78D7-4DE9-8027-E34831CC3DD0}.Debug|Any CPU.Build.0 = Debug|Any CPU
		{6E7E5F3D-78D7-4DE9-8027-E34831CC3DD0}.Release|Any CPU.ActiveCfg = Release|Any CPU
		{6E7E5F3D-78D7-4DE9-8027-E34831CC3DD0}.Release|Any CPU.Build.0 = Release|Any CPU
		{FEE6F4B9-C14D-4B49-9679-0C7012A421AF}.Debug|Any CPU.ActiveCfg = Debug|Any CPU
		{FEE6F4B9-C14D-4B49-9679-0C7012A421AF}.Debug|Any CPU.Build.0 = Debug|Any CPU
		{FEE6F4B9-C14D-4B49-9679-0C7012A421AF}.Release|Any CPU.ActiveCfg = Release|Any CPU
		{FEE6F4B9-C14D-4B49-9679-0C7012A421AF}.Release|Any CPU.Build.0 = Release|Any CPU
		{B4DB7529-8B50-481E-9107-E65B20D7754F}.Debug|Any CPU.ActiveCfg = Debug|Any CPU
		{B4DB7529-8B50-481E-9107-E65B20D7754F}.Debug|Any CPU.Build.0 = Debug|Any CPU
		{B4DB7529-8B50-481E-9107-E65B20D7754F}.Release|Any CPU.ActiveCfg = Release|Any CPU
		{B4DB7529-8B50-481E-9107-E65B20D7754F}.Release|Any CPU.Build.0 = Release|Any CPU
		{30F5084D-52B0-41DE-9586-477B25A8109D}.Debug|Any CPU.ActiveCfg = Debug|Any CPU
		{30F5084D-52B0-41DE-9586-477B25A8109D}.Debug|Any CPU.Build.0 = Debug|Any CPU
		{30F5084D-52B0-41DE-9586-477B25A8109D}.Release|Any CPU.ActiveCfg = Release|Any CPU
		{30F5084D-52B0-41DE-9586-477B25A8109D}.Release|Any CPU.Build.0 = Release|Any CPU
	EndGlobalSection
	GlobalSection(SolutionProperties) = preSolution
		HideSolutionNode = FALSE
	EndGlobalSection
	GlobalSection(ExtensibilityGlobals) = postSolution
		SolutionGuid = {78DEAE61-13CB-4086-8C6B-6B52E9381D8F}
	EndGlobalSection
EndGlobal
